
Microsoft Visual Studio Solution File, Format Version 12.00
# Visual Studio Version 17
VisualStudioVersion = 17.14.36616.10 d17.14
MinimumVisualStudioVersion = 10.0.40219.1
Project("{888888A0-9F3D-457C-B088-3A5042F75D52}") = "M5 Trees and Priority", "M5 Trees and Priority.pyproj", "{97F94B8F-6941-4564-9806-06FFF2983C41}"
EndProject
Global
	GlobalSection(SolutionConfigurationPlatforms) = preSolution
		Debug|Any CPU = Debug|Any CPU
		Release|Any CPU = Release|Any CPU
	EndGlobalSection
	GlobalSection(ProjectConfigurationPlatforms) = postSolution
		{97F94B8F-6941-4564-9806-06FFF2983C41}.Debug|Any CPU.ActiveCfg = Debug|Any CPU
		{97F94B8F-6941-4564-9806-06FFF2983C41}.Release|Any CPU.ActiveCfg = Release|Any CPU
	EndGlobalSection
	GlobalSection(SolutionProperties) = preSolution
		HideSolutionNode = FALSE
	EndGlobalSection
	GlobalSection(ExtensibilityGlobals) = postSolution
		SolutionGuid = {DEE51450-35F3-403C-8C1A-7B529FB4EE10}
	EndGlobalSection
EndGlobal
